
Microsoft Visual Studio Solution File, Format Version 12.00
# Visual Studio Version 17
VisualStudioVersion = 17.2.32526.322
MinimumVisualStudioVersion = 10.0.40219.1
Project("{FAE04EC0-301F-11D3-BF4B-00C04F79EFBC}") = "JqueryCore", "JqueryCore\JqueryCore.csproj", "{FF464E98-9651-4A99-A1EC-33E2C342DDF1}"
EndProject
Global
	GlobalSection(SolutionConfigurationPlatforms) = preSolution
		Debug|Any CPU = Debug|Any CPU
		Release|Any CPU = Release|Any CPU
	EndGlobalSection
	GlobalSection(ProjectConfigurationPlatforms) = postSolution
		{FF464E98-9651-4A99-A1EC-33E2C342DDF1}.Debug|Any CPU.ActiveCfg = Debug|Any CPU
		{FF464E98-9651-4A99-A1EC-33E2C342DDF1}.Debug|Any CPU.Build.0 = Debug|Any CPU
		{FF464E98-9651-4A99-A1EC-33E2C342DDF1}.Release|Any CPU.ActiveCfg = Release|Any CPU
		{FF464E98-9651-4A99-A1EC-33E2C342DDF1}.Release|Any CPU.Build.0 = Release|Any CPU
	EndGlobalSection
	GlobalSection(SolutionProperties) = preSolution
		HideSolutionNode = FALSE
	EndGlobalSection
	GlobalSection(ExtensibilityGlobals) = postSolution
		SolutionGuid = {8B45B863-3B51-481A-995B-B645452D566A}
	EndGlobalSection
EndGlobal
